
Microsoft Visual Studio Solution File, Format Version 12.00
# Visual Studio 15
VisualStudioVersion = 15.0.27004.2002
MinimumVisualStudioVersion = 10.0.40219.1
Project("{8BC9CEB8-8B4A-11D0-8D11-00A0C91BC942}") = "App", "App\App.vcxproj", "{29333890-54FA-443B-9968-64E8574D2D02}"
	ProjectSection(ProjectDependencies) = postProject
		{75CFA8A4-AC58-48E7-8403-2CF7FB106B95} = {75CFA8A4-AC58-48E7-8403-2CF7FB106B95}
	EndProjectSection
EndProject
Project("{8BC9CEB8-8B4A-11D0-8D11-00A0C91BC942}") = "OpenGL", "OpenGL\OpenGL.vcxproj", "{75CFA8A4-AC58-48E7-8403-2CF7FB106B95}"
EndProject
Project("{2150E333-8FDC-42A3-9474-1A3956D46DE8}") = "Solution Items", "Solution Items", "{B895CEA2-9CD1-43AD-825A-8491D744C01C}"
	ProjectSection(SolutionItems) = preProject
		README.md = README.md
	EndProjectSection
EndProject
Global
	GlobalSection(SolutionConfigurationPlatforms) = preSolution
		Debug|x64 = Debug|x64
		Debug|x86 = Debug|x86
		Release|x64 = Release|x64
		Release|x86 = Release|x86
	EndGlobalSection
	GlobalSection(ProjectConfigurationPlatforms) = postSolution
		{29333890-54FA-443B-9968-64E8574D2D02}.Debug|x64.ActiveCfg = Debug|x64
		{29333890-54FA-443B-9968-64E8574D2D02}.Debug|x64.Build.0 = Debug|x64
		{29333890-54FA-443B-9968-64E8574D2D02}.Debug|x86.ActiveCfg = Debug|Win32
		{29333890-54FA-443B-9968-64E8574D2D02}.Debug|x86.Build.0 = Debug|Win32
		{29333890-54FA-443B-9968-64E8574D2D02}.Release|x64.ActiveCfg = Release|x64
		{29333890-54FA-443B-9968-64E8574D2D02}.Release|x64.Build.0 = Release|x64
		{29333890-54FA-443B-9968-64E8574D2D02}.Release|x86.ActiveCfg = Release|Win32
		{29333890-54FA-443B-9968-64E8574D2D02}.Release|x86.Build.0 = Release|Win32
		{75CFA8A4-AC58-48E7-8403-2CF7FB106B95}.Debug|x64.ActiveCfg = Debug|x64
		{75CFA8A4-AC58-48E7-8403-2CF7FB106B95}.Debug|x64.Build.0 = Debug|x64
		{75CFA8A4-AC58-48E7-8403-2CF7FB106B95}.Debug|x86.ActiveCfg = Debug|Win32
		{75CFA8A4-AC58-48E7-8403-2CF7FB106B95}.Debug|x86.Build.0 = Debug|Win32
		{75CFA8A4-AC58-48E7-8403-2CF7FB106B95}.Release|x64.ActiveCfg = Release|x64
		{75CFA8A4-AC58-48E7-8403-2CF7FB106B95}.Release|x64.Build.0 = Release|x64
		{75CFA8A4-AC58-48E7-8403-2CF7FB106B95}.Release|x86.ActiveCfg = Release|Win32
		{75CFA8A4-AC58-48E7-8403-2CF7FB106B95}.Release|x86.Build.0 = Release|Win32
	EndGlobalSection
	GlobalSection(SolutionProperties) = preSolution
		HideSolutionNode = FALSE
	EndGlobalSection
	GlobalSection(ExtensibilityGlobals) = postSolution
		SolutionGuid = {B8822E9B-5AEA-441C-BBD0-65DFF07503E6}
	EndGlobalSection
EndGlobal
